
Microsoft Visual Studio Solution File, Format Version 12.00
# Visual Studio 2013
VisualStudioVersion = 12.0.21005.1
MinimumVisualStudioVersion = 10.0.40219.1
Project("{FAE04EC0-301F-11D3-BF4B-00C04F79EFBC}") = "Minitab Automation Test", "Minitab Automation Test\Minitab Automation Test.csproj", "{ACAC6840-32F1-44A3-AE53-AC057FC0AB27}"
EndProject
Global
	GlobalSection(SolutionConfigurationPlatforms) = preSolution
		Debug|Any CPU = Debug|Any CPU
		Release|Any CPU = Release|Any CPU
	EndGlobalSection
	GlobalSection(ProjectConfigurationPlatforms) = postSolution
		{ACAC6840-32F1-44A3-AE53-AC057FC0AB27}.Debug|Any CPU.ActiveCfg = Debug|Any CPU
		{ACAC6840-32F1-44A3-AE53-AC057FC0AB27}.Debug|Any CPU.Build.0 = Debug|Any CPU
		{ACAC6840-32F1-44A3-AE53-AC057FC0AB27}.Release|Any CPU.ActiveCfg = Release|Any CPU
		{ACAC6840-32F1-44A3-AE53-AC057FC0AB27}.Release|Any CPU.Build.0 = Release|Any CPU
	EndGlobalSection
	GlobalSection(SolutionProperties) = preSolution
		HideSolutionNode = FALSE
	EndGlobalSection
EndGlobal
